
Microsoft Visual Studio Solution File, Format Version 12.00
# Visual Studio Version 16
VisualStudioVersion = 16.0.32106.194
MinimumVisualStudioVersion = 10.0.40219.1
Project("{FAE04EC0-301F-11D3-BF4B-00C04F79EFBC}") = "1_Assignment", "1_Assignment.csproj", "{FF373824-361E-4AAC-9EB6-8CE5C1EBBF88}"
EndProject
Global
	GlobalSection(SolutionConfigurationPlatforms) = preSolution
		Debug|Any CPU = Debug|Any CPU
		Release|Any CPU = Release|Any CPU
	EndGlobalSection
	GlobalSection(ProjectConfigurationPlatforms) = postSolution
		{FF373824-361E-4AAC-9EB6-8CE5C1EBBF88}.Debug|Any CPU.ActiveCfg = Debug|Any CPU
		{FF373824-361E-4AAC-9EB6-8CE5C1EBBF88}.Debug|Any CPU.Build.0 = Debug|Any CPU
		{FF373824-361E-4AAC-9EB6-8CE5C1EBBF88}.Release|Any CPU.ActiveCfg = Release|Any CPU
		{FF373824-361E-4AAC-9EB6-8CE5C1EBBF88}.Release|Any CPU.Build.0 = Release|Any CPU
	EndGlobalSection
	GlobalSection(SolutionProperties) = preSolution
		HideSolutionNode = FALSE
	EndGlobalSection
	GlobalSection(ExtensibilityGlobals) = postSolution
		SolutionGuid = {BD7EF6E3-7735-44C1-A8C8-751FD380C3C6}
	EndGlobalSection
EndGlobal
